
Microsoft Visual Studio Solution File, Format Version 12.00
# Visual Studio Version 16
VisualStudioVersion = 16.0.29215.179
MinimumVisualStudioVersion = 10.0.40219.1
Project("{2150E333-8FDC-42A3-9474-1A3956D46DE8}") = "Level 100", "Level 100", "{B1C03809-A6A3-4A2D-864F-AE8F41A80087}"
EndProject
Project("{2150E333-8FDC-42A3-9474-1A3956D46DE8}") = "Level 200", "Level 200", "{4F6B4986-202A-4A51-8FC2-E27935D953F9}"
EndProject
Project("{2150E333-8FDC-42A3-9474-1A3956D46DE8}") = "Level 300", "Level 300", "{0CC27AC0-9362-4F5A-88E9-B573B432743C}"
EndProject
Project("{FAE04EC0-301F-11D3-BF4B-00C04F79EFBC}") = "MySweetApp.AutoCAD.2020", "Level 100\MySweetApp.AutoCAD.2020\MySweetApp.AutoCAD.2020.csproj", "{B529D5B7-7D4E-4520-B8B2-C3FFB9088649}"
EndProject
Project("{FAE04EC0-301F-11D3-BF4B-00C04F79EFBC}") = "MySweetApp.Navisworks.2020", "Level 100\MySweetApp.Navisworks.2020\MySweetApp.Navisworks.2020.csproj", "{8C8A4CEF-4FA2-40E1-8D2F-7EBD503D87DC}"
EndProject
Project("{FAE04EC0-301F-11D3-BF4B-00C04F79EFBC}") = "MySweetApp.Revit.2020", "Level 100\MySweetApp.Revit.2020\MySweetApp.Revit.2020.csproj", "{3904F0FD-6EAC-4595-8C2E-0A8B92F23E53}"
EndProject
Project("{FAE04EC0-301F-11D3-BF4B-00C04F79EFBC}") = "MySweetApp.AutoCAD.2020", "Level 200\MySweetApp.AutoCAD.2020\MySweetApp.AutoCAD.2020.csproj", "{1F5E1770-1C83-49B1-9F81-CD03D16CC3FE}"
EndProject
Project("{FAE04EC0-301F-11D3-BF4B-00C04F79EFBC}") = "MySweetApp.Navisworks.2020", "Level 200\MySweetApp.Navisworks.2020\MySweetApp.Navisworks.2020.csproj", "{D4251005-D276-418B-9C95-5F614792918A}"
EndProject
Project("{FAE04EC0-301F-11D3-BF4B-00C04F79EFBC}") = "MySweetApp.Revit.2020", "Level 200\MySweetApp.Revit.2020\MySweetApp.Revit.2020.csproj", "{5DF5552D-BF3C-41E0-ABEE-96C9E195CF59}"
EndProject
Project("{FAE04EC0-301F-11D3-BF4B-00C04F79EFBC}") = "MySweetApp.AutoCAD.2020", "Level 300\MySweetApp.AutoCAD.2020\MySweetApp.AutoCAD.2020.csproj", "{AAADE5F0-DE2A-42D6-8D0A-C02A49C111F4}"
EndProject
Project("{FAE04EC0-301F-11D3-BF4B-00C04F79EFBC}") = "MySweetApp.AutoCAD.2019", "Level 200\MySweetApp.AutoCAD.2019\MySweetApp.AutoCAD.2019.csproj", "{5C7A4A2D-C4B1-46DA-B3AC-6192E976BBFE}"
EndProject
Project("{FAE04EC0-301F-11D3-BF4B-00C04F79EFBC}") = "MySweetApp.AutoCAD.2016", "Level 200\MySweetApp.AutoCAD.2016\MySweetApp.AutoCAD.2016.csproj", "{E85F0421-0FA5-408F-9E9C-EAC97DF2117F}"
EndProject
Project("{FAE04EC0-301F-11D3-BF4B-00C04F79EFBC}") = "MySweetApp.AutoCAD.2017", "Level 200\MySweetApp.AutoCAD.2017\MySweetApp.AutoCAD.2017.csproj", "{F231241C-4CAA-4965-A0F7-BF7FDE1C7581}"
EndProject
Project("{FAE04EC0-301F-11D3-BF4B-00C04F79EFBC}") = "MySweetApp.AutoCAD.2018", "Level 200\MySweetApp.AutoCAD.2018\MySweetApp.AutoCAD.2018.csproj", "{B73F5D57-1CFA-466E-82E1-3741570231BA}"
EndProject
Project("{D954291E-2A0B-460D-934E-DC6B0785DB48}") = "MySweetApp.AutoCAD", "Level 200\MySweetApp.AutoCAD\MySweetApp.AutoCAD.shproj", "{0205F2A2-4051-4953-B9E5-480E0EFD55F9}"
EndProject
Project("{2150E333-8FDC-42A3-9474-1A3956D46DE8}") = "AutoCAD", "AutoCAD", "{DF4957B8-9292-4328-B9A0-0B68EC96E57E}"
EndProject
Project("{2150E333-8FDC-42A3-9474-1A3956D46DE8}") = "Navisworks", "Navisworks", "{07607922-33C2-4587-90EA-4E90C89C3A47}"
EndProject
Project("{2150E333-8FDC-42A3-9474-1A3956D46DE8}") = "Revit", "Revit", "{DE9A7647-48D9-4710-B0C4-F82AAC7C4ADE}"
EndProject
Project("{2150E333-8FDC-42A3-9474-1A3956D46DE8}") = "AutoCAD", "AutoCAD", "{40F03ABC-73B9-4D6D-9D6A-2EE451138047}"
EndProject
Project("{2150E333-8FDC-42A3-9474-1A3956D46DE8}") = "Revit", "Revit", "{F924F654-20AB-412C-949D-D8C339567149}"
EndProject
Project("{2150E333-8FDC-42A3-9474-1A3956D46DE8}") = "Navisworks", "Navisworks", "{F4C01838-761E-4F98-BD82-8AC32BAD371F}"
EndProject
Project("{2150E333-8FDC-42A3-9474-1A3956D46DE8}") = "AutoCAD", "AutoCAD", "{6F20318F-511A-4181-9513-A1BC76AFFDFF}"
EndProject
Project("{2150E333-8FDC-42A3-9474-1A3956D46DE8}") = "Navisworks", "Navisworks", "{2D13CA6C-3BEF-45BD-AE68-7299E9A440BA}"
EndProject
Project("{2150E333-8FDC-42A3-9474-1A3956D46DE8}") = "Revit", "Revit", "{73A1EB11-B255-424A-B69D-EF70F2642F0B}"
EndProject
Project("{FAE04EC0-301F-11D3-BF4B-00C04F79EFBC}") = "MySweetApp.Core", "Level 300\MySweetApp.Core\MySweetApp.Core.csproj", "{12CAE986-CB19-4F55-BDD6-6B9EA63DCB21}"
EndProject
Project("{D954291E-2A0B-460D-934E-DC6B0785DB48}") = "MySweetApp.AutoCAD", "Level 300\MySweetApp.AutoCAD\MySweetApp.AutoCAD.shproj", "{0E25AB4C-0BC3-4D32-95B6-C21B56268A60}"
EndProject
Project("{FAE04EC0-301F-11D3-BF4B-00C04F79EFBC}") = "MySweetApp.AutoCAD.2019", "Level 300\MySweetApp.AutoCAD.2019\MySweetApp.AutoCAD.2019.csproj", "{C4D4439B-6D86-447D-BEB3-6D0D5ABA71FD}"
EndProject
Project("{FAE04EC0-301F-11D3-BF4B-00C04F79EFBC}") = "MySweetApp.SaveResults", "Level 300\MySweetApp.SaveResults\MySweetApp.SaveResults.csproj", "{5BAE9005-5B43-46E6-B27D-9DDA781A9FE2}"
EndProject
Project("{FAE04EC0-301F-11D3-BF4B-00C04F79EFBC}") = "MySweetApp.Core", "Level 200\MySweetApp.Core\MySweetApp.Core.csproj", "{7E902F0D-2407-4768-B12B-569F8664F5E4}"
EndProject
Project("{FAE04EC0-301F-11D3-BF4B-00C04F79EFBC}") = "MySweetApp.Navisworks.2019", "Level 200\MySweetApp.Navisworks.2019\MySweetApp.Navisworks.2019.csproj", "{4DFBFF09-3B58-4D31-A310-447B1BF99984}"
EndProject
Project("{FAE04EC0-301F-11D3-BF4B-00C04F79EFBC}") = "MySweetApp.Navisworks.2018", "Level 200\MySweetApp.Navisworks.2018\MySweetApp.Navisworks.2018.csproj", "{4D6B5398-8C90-4D6A-A356-E8D6D27A2280}"
EndProject
Project("{FAE04EC0-301F-11D3-BF4B-00C04F79EFBC}") = "MySweetApp.Navisworks.2017", "Level 200\MySweetApp.Navisworks.2017\MySweetApp.Navisworks.2017.csproj", "{8DAF583C-43BC-4534-8BE4-B0EC44D3163D}"
EndProject
Project("{FAE04EC0-301F-11D3-BF4B-00C04F79EFBC}") = "MySweetApp.Navisworks.2016", "Level 200\MySweetApp.Navisworks.2016\MySweetApp.Navisworks.2016.csproj", "{553EDE0E-9996-4B43-83DD-D2D06C593970}"
EndProject
Project("{D954291E-2A0B-460D-934E-DC6B0785DB48}") = "MySweetApp.Navisworks", "Level 200\MySweetApp.Navisworks\MySweetApp.Navisworks.shproj", "{60EFD10C-F44D-463A-A7A7-EDB5F93D4714}"
EndProject
Project("{D954291E-2A0B-460D-934E-DC6B0785DB48}") = "MySweetApp.Revit", "Level 200\MySweetApp.Revit\MySweetApp.Revit.shproj", "{586F3E56-8A3D-4B80-B0AD-FCDFC14DDCF5}"
EndProject
Project("{FAE04EC0-301F-11D3-BF4B-00C04F79EFBC}") = "MySweetApp.Revit.2019", "Level 200\MySweetApp.Revit.2019\MySweetApp.Revit.2019.csproj", "{4F4454EC-5BDC-41BA-ABEF-D81CB5D79294}"
EndProject
Project("{FAE04EC0-301F-11D3-BF4B-00C04F79EFBC}") = "MySweetApp.Revit.2018", "Level 200\MySweetApp.Revit.2018\MySweetApp.Revit.2018.csproj", "{AF3874B9-8387-4262-B3A0-242D05D68C11}"
EndProject
Project("{FAE04EC0-301F-11D3-BF4B-00C04F79EFBC}") = "MySweetApp.Revit.2017", "Level 200\MySweetApp.Revit.2017\MySweetApp.Revit.2017.csproj", "{60CF3500-B378-458B-B1C4-4FB564C24812}"
EndProject
Project("{FAE04EC0-301F-11D3-BF4B-00C04F79EFBC}") = "MySweetApp.Revit.2016", "Level 200\MySweetApp.Revit.2016\MySweetApp.Revit.2016.csproj", "{55EFD339-154B-4784-AE54-21F0B5F29201}"
EndProject
Project("{FAE04EC0-301F-11D3-BF4B-00C04F79EFBC}") = "MySweetApp.AutoCAD.2016", "Level 300\MySweetApp.AutoCAD.2016\MySweetApp.AutoCAD.2016.csproj", "{4C7E612D-1107-442E-B415-2D777ED60C4A}"
EndProject
Project("{FAE04EC0-301F-11D3-BF4B-00C04F79EFBC}") = "MySweetApp.AutoCAD.2017", "Level 300\MySweetApp.AutoCAD.2017\MySweetApp.AutoCAD.2017.csproj", "{38801EE0-9D98-4B69-B475-14656BA73865}"
EndProject
Project("{FAE04EC0-301F-11D3-BF4B-00C04F79EFBC}") = "MySweetApp.AutoCAD.2018", "Level 300\MySweetApp.AutoCAD.2018\MySweetApp.AutoCAD.2018.csproj", "{85BFF6D8-BC9B-4C6E-97E6-0AED95670E3D}"
EndProject
Project("{D954291E-2A0B-460D-934E-DC6B0785DB48}") = "MySweetApp.Navisworks", "Level 300\MySweetApp.Navisworks\MySweetApp.Navisworks.shproj", "{B1A4BB7E-201B-42C8-A5FC-FDF03AB5D7E2}"
EndProject
Project("{FAE04EC0-301F-11D3-BF4B-00C04F79EFBC}") = "MySweetApp.Navisworks.2016", "Level 300\MySweetApp.Navisworks.2016\MySweetApp.Navisworks.2016.csproj", "{925B3DE8-6FE6-491E-BCB7-4698A9099BAB}"
EndProject
Project("{FAE04EC0-301F-11D3-BF4B-00C04F79EFBC}") = "MySweetApp.Navisworks.2017", "Level 300\MySweetApp.Navisworks.2017\MySweetApp.Navisworks.2017.csproj", "{5FACBACB-7FCB-4D52-8804-74CB2272232B}"
EndProject
Project("{FAE04EC0-301F-11D3-BF4B-00C04F79EFBC}") = "MySweetApp.Navisworks.2018", "Level 300\MySweetApp.Navisworks.2018\MySweetApp.Navisworks.2018.csproj", "{C89137B0-0E7A-4D73-8119-77C33E126CCE}"
EndProject
Project("{FAE04EC0-301F-11D3-BF4B-00C04F79EFBC}") = "MySweetApp.Navisworks.2019", "Level 300\MySweetApp.Navisworks.2019\MySweetApp.Navisworks.2019.csproj", "{CEDFACB6-81C6-4A7F-90F0-317ED56E39A4}"
EndProject
Project("{FAE04EC0-301F-11D3-BF4B-00C04F79EFBC}") = "MySweetApp.Navisworks.2020", "Level 300\MySweetApp.Navisworks.2020\MySweetApp.Navisworks.2020.csproj", "{08F31EE6-44B6-4808-AC71-52ED09F35C65}"
EndProject
Project("{D954291E-2A0B-460D-934E-DC6B0785DB48}") = "MySweetApp.Revit", "Level 300\MySweetApp.Revit\MySweetApp.Revit.shproj", "{6EA63DE8-E758-457E-B2BD-A9C0D8C8CC51}"
EndProject
Project("{FAE04EC0-301F-11D3-BF4B-00C04F79EFBC}") = "MySweetApp.Revit.2016", "Level 300\MySweetApp.Revit.2016\MySweetApp.Revit.2016.csproj", "{290E0014-54A1-4B40-9B36-00FB98AFD9C1}"
EndProject
Project("{FAE04EC0-301F-11D3-BF4B-00C04F79EFBC}") = "MySweetApp.Revit.2017", "Level 300\MySweetApp.Revit.2017\MySweetApp.Revit.2017.csproj", "{698C751F-995F-48C0-B7A9-F07E3CD1EFDD}"
EndProject
Project("{FAE04EC0-301F-11D3-BF4B-00C04F79EFBC}") = "MySweetApp.Revit.2018", "Level 300\MySweetApp.Revit.2018\MySweetApp.Revit.2018.csproj", "{09A85B3D-79FF-4FFB-BF29-421F52940047}"
EndProject
Project("{FAE04EC0-301F-11D3-BF4B-00C04F79EFBC}") = "MySweetApp.Revit.2019", "Level 300\MySweetApp.Revit.2019\MySweetApp.Revit.2019.csproj", "{E5B9661B-9793-4A38-A48B-E18F1C7FAFCC}"
EndProject
Project("{FAE04EC0-301F-11D3-BF4B-00C04F79EFBC}") = "MySweetApp.Revit.2020", "Level 300\MySweetApp.Revit.2020\MySweetApp.Revit.2020.csproj", "{5C80749D-A27D-45E4-BDD9-4C7FFAABE12D}"
EndProject
Project("{2150E333-8FDC-42A3-9474-1A3956D46DE8}") = "Tips and Tricks", "Tips and Tricks", "{ED0C388D-32E5-4F09-80A2-822DBA1053CD}"
EndProject
Project("{2150E333-8FDC-42A3-9474-1A3956D46DE8}") = "Revit", "Revit", "{911F3D93-6AFC-472E-BFCE-5D18546B286F}"
EndProject
Project("{2150E333-8FDC-42A3-9474-1A3956D46DE8}") = "Navisworks", "Navisworks", "{EF1A35CC-CD50-4452-A936-8612C2B49D98}"
EndProject
Project("{FAE04EC0-301F-11D3-BF4B-00C04F79EFBC}") = "TipsAndTricks", "..\TipAndTricks\Navisworks\TipsAndTricks.csproj", "{0E99EF2F-9E6C-4002-BFAC-B0FFB6824461}"
EndProject
Project("{FAE04EC0-301F-11D3-BF4B-00C04F79EFBC}") = "TipsAndTricks", "..\TipAndTricks\Revit\TipsAndTricks\TipsAndTricks.csproj", "{79870C5A-1937-4312-9564-F3C5B5F89039}"
EndProject
Global
	GlobalSection(SharedMSBuildProjectFiles) = preSolution
		Level 200\MySweetApp.AutoCAD\MySweetApp.AutoCAD.projitems*{0205f2a2-4051-4953-b9e5-480e0efd55f9}*SharedItemsImports = 13
		Level 300\MySweetApp.Navisworks\MySweetApp.Navisworks.projitems*{08f31ee6-44b6-4808-ac71-52ed09f35c65}*SharedItemsImports = 4
		Level 300\MySweetApp.Revit\MySweetApp.Revit.projitems*{09a85b3d-79ff-4ffb-bf29-421f52940047}*SharedItemsImports = 4
		Level 300\MySweetApp.AutoCAD\MySweetApp.AutoCAD.projitems*{0e25ab4c-0bc3-4d32-95b6-c21b56268a60}*SharedItemsImports = 13
		Level 200\MySweetApp.AutoCAD\MySweetApp.AutoCAD.projitems*{1f5e1770-1c83-49b1-9f81-cd03d16cc3fe}*SharedItemsImports = 4
		Level 300\MySweetApp.Revit\MySweetApp.Revit.projitems*{290e0014-54a1-4b40-9b36-00fb98afd9c1}*SharedItemsImports = 4
		Level 300\MySweetApp.AutoCAD\MySweetApp.AutoCAD.projitems*{38801ee0-9d98-4b69-b475-14656ba73865}*SharedItemsImports = 4
		Level 300\MySweetApp.AutoCAD\MySweetApp.AutoCAD.projitems*{4c7e612d-1107-442e-b415-2d777ed60c4a}*SharedItemsImports = 4
		Level 200\MySweetApp.Navisworks\MySweetApp.Navisworks.projitems*{4d6b5398-8c90-4d6a-a356-e8d6d27a2280}*SharedItemsImports = 4
		Level 200\MySweetApp.Navisworks\MySweetApp.Navisworks.projitems*{4dfbff09-3b58-4d31-a310-447b1bf99984}*SharedItemsImports = 4
		Level 200\MySweetApp.Revit\MySweetApp.Revit.projitems*{4f4454ec-5bdc-41ba-abef-d81cb5d79294}*SharedItemsImports = 4
		Level 200\MySweetApp.Navisworks\MySweetApp.Navisworks.projitems*{553ede0e-9996-4b43-83dd-d2d06c593970}*SharedItemsImports = 4
		Level 200\MySweetApp.Revit\MySweetApp.Revit.projitems*{55efd339-154b-4784-ae54-21f0b5f29201}*SharedItemsImports = 4
		Level 200\MySweetApp.Revit\MySweetApp.Revit.projitems*{586f3e56-8a3d-4b80-b0ad-fcdfc14ddcf5}*SharedItemsImports = 13
		Level 200\MySweetApp.AutoCAD\MySweetApp.AutoCAD.projitems*{5c7a4a2d-c4b1-46da-b3ac-6192e976bbfe}*SharedItemsImports = 4
		Level 300\MySweetApp.Revit\MySweetApp.Revit.projitems*{5c80749d-a27d-45e4-bdd9-4c7ffaabe12d}*SharedItemsImports = 4
		Level 200\MySweetApp.Revit\MySweetApp.Revit.projitems*{5df5552d-bf3c-41e0-abee-96c9e195cf59}*SharedItemsImports = 4
		Level 300\MySweetApp.Navisworks\MySweetApp.Navisworks.projitems*{5facbacb-7fcb-4d52-8804-74cb2272232b}*SharedItemsImports = 4
		Level 200\MySweetApp.Revit\MySweetApp.Revit.projitems*{60cf3500-b378-458b-b1c4-4fb564c24812}*SharedItemsImports = 4
		Level 200\MySweetApp.Navisworks\MySweetApp.Navisworks.projitems*{60efd10c-f44d-463a-a7a7-edb5f93d4714}*SharedItemsImports = 13
		Level 300\MySweetApp.Revit\MySweetApp.Revit.projitems*{698c751f-995f-48c0-b7a9-f07e3cd1efdd}*SharedItemsImports = 4
		Level 300\MySweetApp.Revit\MySweetApp.Revit.projitems*{6ea63de8-e758-457e-b2bd-a9c0d8c8cc51}*SharedItemsImports = 13
		Level 300\MySweetApp.AutoCAD\MySweetApp.AutoCAD.projitems*{85bff6d8-bc9b-4c6e-97e6-0aed95670e3d}*SharedItemsImports = 4
		Level 200\MySweetApp.Navisworks\MySweetApp.Navisworks.projitems*{8daf583c-43bc-4534-8be4-b0ec44d3163d}*SharedItemsImports = 4
		Level 300\MySweetApp.Navisworks\MySweetApp.Navisworks.projitems*{925b3de8-6fe6-491e-bcb7-4698a9099bab}*SharedItemsImports = 4
		Level 300\MySweetApp.AutoCAD\MySweetApp.AutoCAD.projitems*{aaade5f0-de2a-42d6-8d0a-c02a49c111f4}*SharedItemsImports = 4
		Level 200\MySweetApp.Revit\MySweetApp.Revit.projitems*{af3874b9-8387-4262-b3a0-242d05d68c11}*SharedItemsImports = 4
		Level 300\MySweetApp.Navisworks\MySweetApp.Navisworks.projitems*{b1a4bb7e-201b-42c8-a5fc-fdf03ab5d7e2}*SharedItemsImports = 13
		Level 200\MySweetApp.AutoCAD\MySweetApp.AutoCAD.projitems*{b73f5d57-1cfa-466e-82e1-3741570231ba}*SharedItemsImports = 4
		Level 300\MySweetApp.AutoCAD\MySweetApp.AutoCAD.projitems*{c4d4439b-6d86-447d-beb3-6d0d5aba71fd}*SharedItemsImports = 4
		Level 300\MySweetApp.Navisworks\MySweetApp.Navisworks.projitems*{c89137b0-0e7a-4d73-8119-77c33e126cce}*SharedItemsImports = 4
		Level 300\MySweetApp.Navisworks\MySweetApp.Navisworks.projitems*{cedfacb6-81c6-4a7f-90f0-317ed56e39a4}*SharedItemsImports = 4
		Level 200\MySweetApp.Navisworks\MySweetApp.Navisworks.projitems*{d4251005-d276-418b-9c95-5f614792918a}*SharedItemsImports = 4
		Level 300\MySweetApp.Revit\MySweetApp.Revit.projitems*{e5b9661b-9793-4a38-a48b-e18f1c7fafcc}*SharedItemsImports = 4
		Level 200\MySweetApp.AutoCAD\MySweetApp.AutoCAD.projitems*{e85f0421-0fa5-408f-9e9c-eac97df2117f}*SharedItemsImports = 4
		Level 200\MySweetApp.AutoCAD\MySweetApp.AutoCAD.projitems*{f231241c-4caa-4965-a0f7-bf7fde1c7581}*SharedItemsImports = 4
	EndGlobalSection
	GlobalSection(SolutionConfigurationPlatforms) = preSolution
		Debug|Any CPU = Debug|Any CPU
		Release|Any CPU = Release|Any CPU
	EndGlobalSection
	GlobalSection(ProjectConfigurationPlatforms) = postSolution
		{B529D5B7-7D4E-4520-B8B2-C3FFB9088649}.Debug|Any CPU.ActiveCfg = Debug|Any CPU
		{B529D5B7-7D4E-4520-B8B2-C3FFB9088649}.Debug|Any CPU.Build.0 = Debug|Any CPU
		{B529D5B7-7D4E-4520-B8B2-C3FFB9088649}.Release|Any CPU.ActiveCfg = Release|Any CPU
		{B529D5B7-7D4E-4520-B8B2-C3FFB9088649}.Release|Any CPU.Build.0 = Release|Any CPU
		{8C8A4CEF-4FA2-40E1-8D2F-7EBD503D87DC}.Debug|Any CPU.ActiveCfg = Debug|Any CPU
		{8C8A4CEF-4FA2-40E1-8D2F-7EBD503D87DC}.Debug|Any CPU.Build.0 = Debug|Any CPU
		{8C8A4CEF-4FA2-40E1-8D2F-7EBD503D87DC}.Release|Any CPU.ActiveCfg = Release|Any CPU
		{8C8A4CEF-4FA2-40E1-8D2F-7EBD503D87DC}.Release|Any CPU.Build.0 = Release|Any CPU
		{3904F0FD-6EAC-4595-8C2E-0A8B92F23E53}.Debug|Any CPU.ActiveCfg = Debug|Any CPU
		{3904F0FD-6EAC-4595-8C2E-0A8B92F23E53}.Debug|Any CPU.Build.0 = Debug|Any CPU
		{3904F0FD-6EAC-4595-8C2E-0A8B92F23E53}.Release|Any CPU.ActiveCfg = Release|Any CPU
		{3904F0FD-6EAC-4595-8C2E-0A8B92F23E53}.Release|Any CPU.Build.0 = Release|Any CPU
		{1F5E1770-1C83-49B1-9F81-CD03D16CC3FE}.Debug|Any CPU.ActiveCfg = Debug|Any CPU
		{1F5E1770-1C83-49B1-9F81-CD03D16CC3FE}.Debug|Any CPU.Build.0 = Debug|Any CPU
		{1F5E1770-1C83-49B1-9F81-CD03D16CC3FE}.Release|Any CPU.ActiveCfg = Release|Any CPU
		{1F5E1770-1C83-49B1-9F81-CD03D16CC3FE}.Release|Any CPU.Build.0 = Release|Any CPU
		{D4251005-D276-418B-9C95-5F614792918A}.Debug|Any CPU.ActiveCfg = Debug|Any CPU
		{D4251005-D276-418B-9C95-5F614792918A}.Debug|Any CPU.Build.0 = Debug|Any CPU
		{D4251005-D276-418B-9C95-5F614792918A}.Release|Any CPU.ActiveCfg = Release|Any CPU
		{D4251005-D276-418B-9C95-5F614792918A}.Release|Any CPU.Build.0 = Release|Any CPU
		{5DF5552D-BF3C-41E0-ABEE-96C9E195CF59}.Debug|Any CPU.ActiveCfg = Debug|Any CPU
		{5DF5552D-BF3C-41E0-ABEE-96C9E195CF59}.Debug|Any CPU.Build.0 = Debug|Any CPU
		{5DF5552D-BF3C-41E0-ABEE-96C9E195CF59}.Release|Any CPU.ActiveCfg = Release|Any CPU
		{5DF5552D-BF3C-41E0-ABEE-96C9E195CF59}.Release|Any CPU.Build.0 = Release|Any CPU
		{AAADE5F0-DE2A-42D6-8D0A-C02A49C111F4}.Debug|Any CPU.ActiveCfg = Debug|Any CPU
		{AAADE5F0-DE2A-42D6-8D0A-C02A49C111F4}.Debug|Any CPU.Build.0 = Debug|Any CPU
		{AAADE5F0-DE2A-42D6-8D0A-C02A49C111F4}.Release|Any CPU.ActiveCfg = Release|Any CPU
		{AAADE5F0-DE2A-42D6-8D0A-C02A49C111F4}.Release|Any CPU.Build.0 = Release|Any CPU
		{5C7A4A2D-C4B1-46DA-B3AC-6192E976BBFE}.Debug|Any CPU.ActiveCfg = Debug|Any CPU
		{5C7A4A2D-C4B1-46DA-B3AC-6192E976BBFE}.Debug|Any CPU.Build.0 = Debug|Any CPU
		{5C7A4A2D-C4B1-46DA-B3AC-6192E976BBFE}.Release|Any CPU.ActiveCfg = Release|Any CPU
		{5C7A4A2D-C4B1-46DA-B3AC-6192E976BBFE}.Release|Any CPU.Build.0 = Release|Any CPU
		{E85F0421-0FA5-408F-9E9C-EAC97DF2117F}.Debug|Any CPU.ActiveCfg = Debug|Any CPU
		{E85F0421-0FA5-408F-9E9C-EAC97DF2117F}.Debug|Any CPU.Build.0 = Debug|Any CPU
		{E85F0421-0FA5-408F-9E9C-EAC97DF2117F}.Release|Any CPU.ActiveCfg = Release|Any CPU
		{E85F0421-0FA5-408F-9E9C-EAC97DF2117F}.Release|Any CPU.Build.0 = Release|Any CPU
		{F231241C-4CAA-4965-A0F7-BF7FDE1C7581}.Debug|Any CPU.ActiveCfg = Debug|Any CPU
		{F231241C-4CAA-4965-A0F7-BF7FDE1C7581}.Debug|Any CPU.Build.0 = Debug|Any CPU
		{F231241C-4CAA-4965-A0F7-BF7FDE1C7581}.Release|Any CPU.ActiveCfg = Release|Any CPU
		{F231241C-4CAA-4965-A0F7-BF7FDE1C7581}.Release|Any CPU.Build.0 = Release|Any CPU
		{B73F5D57-1CFA-466E-82E1-3741570231BA}.Debug|Any CPU.ActiveCfg = Debug|Any CPU
		{B73F5D57-1CFA-466E-82E1-3741570231BA}.Debug|Any CPU.Build.0 = Debug|Any CPU
		{B73F5D57-1CFA-466E-82E1-3741570231BA}.Release|Any CPU.ActiveCfg = Release|Any CPU
		{B73F5D57-1CFA-466E-82E1-3741570231BA}.Release|Any CPU.Build.0 = Release|Any CPU
		{12CAE986-CB19-4F55-BDD6-6B9EA63DCB21}.Debug|Any CPU.ActiveCfg = Debug|Any CPU
		{12CAE986-CB19-4F55-BDD6-6B9EA63DCB21}.Debug|Any CPU.Build.0 = Debug|Any CPU
		{12CAE986-CB19-4F55-BDD6-6B9EA63DCB21}.Release|Any CPU.ActiveCfg = Release|Any CPU
		{12CAE986-CB19-4F55-BDD6-6B9EA63DCB21}.Release|Any CPU.Build.0 = Release|Any CPU
		{C4D4439B-6D86-447D-BEB3-6D0D5ABA71FD}.Debug|Any CPU.ActiveCfg = Debug|Any CPU
		{C4D4439B-6D86-447D-BEB3-6D0D5ABA71FD}.Debug|Any CPU.Build.0 = Debug|Any CPU
		{C4D4439B-6D86-447D-BEB3-6D0D5ABA71FD}.Release|Any CPU.ActiveCfg = Release|Any CPU
		{C4D4439B-6D86-447D-BEB3-6D0D5ABA71FD}.Release|Any CPU.Build.0 = Release|Any CPU
		{5BAE9005-5B43-46E6-B27D-9DDA781A9FE2}.Debug|Any CPU.ActiveCfg = Debug|Any CPU
		{5BAE9005-5B43-46E6-B27D-9DDA781A9FE2}.Debug|Any CPU.Build.0 = Debug|Any CPU
		{5BAE9005-5B43-46E6-B27D-9DDA781A9FE2}.Release|Any CPU.ActiveCfg = Release|Any CPU
		{5BAE9005-5B43-46E6-B27D-9DDA781A9FE2}.Release|Any CPU.Build.0 = Release|Any CPU
		{7E902F0D-2407-4768-B12B-569F8664F5E4}.Debug|Any CPU.ActiveCfg = Debug|Any CPU
		{7E902F0D-2407-4768-B12B-569F8664F5E4}.Debug|Any CPU.Build.0 = Debug|Any CPU
		{7E902F0D-2407-4768-B12B-569F8664F5E4}.Release|Any CPU.ActiveCfg = Release|Any CPU
		{7E902F0D-2407-4768-B12B-569F8664F5E4}.Release|Any CPU.Build.0 = Release|Any CPU
		{4DFBFF09-3B58-4D31-A310-447B1BF99984}.Debug|Any CPU.ActiveCfg = Debug|Any CPU
		{4DFBFF09-3B58-4D31-A310-447B1BF99984}.Debug|Any CPU.Build.0 = Debug|Any CPU
		{4DFBFF09-3B58-4D31-A310-447B1BF99984}.Release|Any CPU.ActiveCfg = Release|Any CPU
		{4DFBFF09-3B58-4D31-A310-447B1BF99984}.Release|Any CPU.Build.0 = Release|Any CPU
		{4D6B5398-8C90-4D6A-A356-E8D6D27A2280}.Debug|Any CPU.ActiveCfg = Debug|Any CPU
		{4D6B5398-8C90-4D6A-A356-E8D6D27A2280}.Debug|Any CPU.Build.0 = Debug|Any CPU
		{4D6B5398-8C90-4D6A-A356-E8D6D27A2280}.Release|Any CPU.ActiveCfg = Release|Any CPU
		{4D6B5398-8C90-4D6A-A356-E8D6D27A2280}.Release|Any CPU.Build.0 = Release|Any CPU
		{8DAF583C-43BC-4534-8BE4-B0EC44D3163D}.Debug|Any CPU.ActiveCfg = Debug|Any CPU
		{8DAF583C-43BC-4534-8BE4-B0EC44D3163D}.Debug|Any CPU.Build.0 = Debug|Any CPU
		{8DAF583C-43BC-4534-8BE4-B0EC44D3163D}.Release|Any CPU.ActiveCfg = Release|Any CPU
		{8DAF583C-43BC-4534-8BE4-B0EC44D3163D}.Release|Any CPU.Build.0 = Release|Any CPU
		{553EDE0E-9996-4B43-83DD-D2D06C593970}.Debug|Any CPU.ActiveCfg = Debug|Any CPU
		{553EDE0E-9996-4B43-83DD-D2D06C593970}.Debug|Any CPU.Build.0 = Debug|Any CPU
		{553EDE0E-9996-4B43-83DD-D2D06C593970}.Release|Any CPU.ActiveCfg = Release|Any CPU
		{553EDE0E-9996-4B43-83DD-D2D06C593970}.Release|Any CPU.Build.0 = Release|Any CPU
		{4F4454EC-5BDC-41BA-ABEF-D81CB5D79294}.Debug|Any CPU.ActiveCfg = Debug|Any CPU
		{4F4454EC-5BDC-41BA-ABEF-D81CB5D79294}.Debug|Any CPU.Build.0 = Debug|Any CPU
		{4F4454EC-5BDC-41BA-ABEF-D81CB5D79294}.Release|Any CPU.ActiveCfg = Release|Any CPU
		{4F4454EC-5BDC-41BA-ABEF-D81CB5D79294}.Release|Any CPU.Build.0 = Release|Any CPU
		{AF3874B9-8387-4262-B3A0-242D05D68C11}.Debug|Any CPU.ActiveCfg = Debug|Any CPU
		{AF3874B9-8387-4262-B3A0-242D05D68C11}.Debug|Any CPU.Build.0 = Debug|Any CPU
		{AF3874B9-8387-4262-B3A0-242D05D68C11}.Release|Any CPU.ActiveCfg = Release|Any CPU
		{AF3874B9-8387-4262-B3A0-242D05D68C11}.Release|Any CPU.Build.0 = Release|Any CPU
		{60CF3500-B378-458B-B1C4-4FB564C24812}.Debug|Any CPU.ActiveCfg = Debug|Any CPU
		{60CF3500-B378-458B-B1C4-4FB564C24812}.Debug|Any CPU.Build.0 = Debug|Any CPU
		{60CF3500-B378-458B-B1C4-4FB564C24812}.Release|Any CPU.ActiveCfg = Release|Any CPU
		{60CF3500-B378-458B-B1C4-4FB564C24812}.Release|Any CPU.Build.0 = Release|Any CPU
		{55EFD339-154B-4784-AE54-21F0B5F29201}.Debug|Any CPU.ActiveCfg = Debug|Any CPU
		{55EFD339-154B-4784-AE54-21F0B5F29201}.Debug|Any CPU.Build.0 = Debug|Any CPU
		{55EFD339-154B-4784-AE54-21F0B5F29201}.Release|Any CPU.ActiveCfg = Release|Any CPU
		{55EFD339-154B-4784-AE54-21F0B5F29201}.Release|Any CPU.Build.0 = Release|Any CPU
		{4C7E612D-1107-442E-B415-2D777ED60C4A}.Debug|Any CPU.ActiveCfg = Debug|Any CPU
		{4C7E612D-1107-442E-B415-2D777ED60C4A}.Debug|Any CPU.Build.0 = Debug|Any CPU
		{4C7E612D-1107-442E-B415-2D777ED60C4A}.Release|Any CPU.ActiveCfg = Release|Any CPU
		{4C7E612D-1107-442E-B415-2D777ED60C4A}.Release|Any CPU.Build.0 = Release|Any CPU
		{38801EE0-9D98-4B69-B475-14656BA73865}.Debug|Any CPU.ActiveCfg = Debug|Any CPU
		{38801EE0-9D98-4B69-B475-14656BA73865}.Debug|Any CPU.Build.0 = Debug|Any CPU
		{38801EE0-9D98-4B69-B475-14656BA73865}.Release|Any CPU.ActiveCfg = Release|Any CPU
		{38801EE0-9D98-4B69-B475-14656BA73865}.Release|Any CPU.Build.0 = Release|Any CPU
		{85BFF6D8-BC9B-4C6E-97E6-0AED95670E3D}.Debug|Any CPU.ActiveCfg = Debug|Any CPU
		{85BFF6D8-BC9B-4C6E-97E6-0AED95670E3D}.Debug|Any CPU.Build.0 = Debug|Any CPU
		{85BFF6D8-BC9B-4C6E-97E6-0AED95670E3D}.Release|Any CPU.ActiveCfg = Release|Any CPU
		{85BFF6D8-BC9B-4C6E-97E6-0AED95670E3D}.Release|Any CPU.Build.0 = Release|Any CPU
		{925B3DE8-6FE6-491E-BCB7-4698A9099BAB}.Debug|Any CPU.ActiveCfg = Debug|Any CPU
		{925B3DE8-6FE6-491E-BCB7-4698A9099BAB}.Debug|Any CPU.Build.0 = Debug|Any CPU
		{925B3DE8-6FE6-491E-BCB7-4698A9099BAB}.Release|Any CPU.ActiveCfg = Release|Any CPU
		{925B3DE8-6FE6-491E-BCB7-4698A9099BAB}.Release|Any CPU.Build.0 = Release|Any CPU
		{5FACBACB-7FCB-4D52-8804-74CB2272232B}.Debug|Any CPU.ActiveCfg = Debug|Any CPU
		{5FACBACB-7FCB-4D52-8804-74CB2272232B}.Debug|Any CPU.Build.0 = Debug|Any CPU
		{5FACBACB-7FCB-4D52-8804-74CB2272232B}.Release|Any CPU.ActiveCfg = Release|Any CPU
		{5FACBACB-7FCB-4D52-8804-74CB2272232B}.Release|Any CPU.Build.0 = Release|Any CPU
		{C89137B0-0E7A-4D73-8119-77C33E126CCE}.Debug|Any CPU.ActiveCfg = Debug|Any CPU
		{C89137B0-0E7A-4D73-8119-77C33E126CCE}.Debug|Any CPU.Build.0 = Debug|Any CPU
		{C89137B0-0E7A-4D73-8119-77C33E126CCE}.Release|Any CPU.ActiveCfg = Release|Any CPU
		{C89137B0-0E7A-4D73-8119-77C33E126CCE}.Release|Any CPU.Build.0 = Release|Any CPU
		{CEDFACB6-81C6-4A7F-90F0-317ED56E39A4}.Debug|Any CPU.ActiveCfg = Debug|Any CPU
		{CEDFACB6-81C6-4A7F-90F0-317ED56E39A4}.Debug|Any CPU.Build.0 = Debug|Any CPU
		{CEDFACB6-81C6-4A7F-90F0-317ED56E39A4}.Release|Any CPU.ActiveCfg = Release|Any CPU
		{CEDFACB6-81C6-4A7F-90F0-317ED56E39A4}.Release|Any CPU.Build.0 = Release|Any CPU
		{08F31EE6-44B6-4808-AC71-52ED09F35C65}.Debug|Any CPU.ActiveCfg = Debug|Any CPU
		{08F31EE6-44B6-4808-AC71-52ED09F35C65}.Debug|Any CPU.Build.0 = Debug|Any CPU
		{08F31EE6-44B6-4808-AC71-52ED09F35C65}.Release|Any CPU.ActiveCfg = Release|Any CPU
		{08F31EE6-44B6-4808-AC71-52ED09F35C65}.Release|Any CPU.Build.0 = Release|Any CPU
		{290E0014-54A1-4B40-9B36-00FB98AFD9C1}.Debug|Any CPU.ActiveCfg = Debug|Any CPU
		{290E0014-54A1-4B40-9B36-00FB98AFD9C1}.Debug|Any CPU.Build.0 = Debug|Any CPU
		{290E0014-54A1-4B40-9B36-00FB98AFD9C1}.Release|Any CPU.ActiveCfg = Release|Any CPU
		{290E0014-54A1-4B40-9B36-00FB98AFD9C1}.Release|Any CPU.Build.0 = Release|Any CPU
		{698C751F-995F-48C0-B7A9-F07E3CD1EFDD}.Debug|Any CPU.ActiveCfg = Debug|Any CPU
		{698C751F-995F-48C0-B7A9-F07E3CD1EFDD}.Debug|Any CPU.Build.0 = Debug|Any CPU
		{698C751F-995F-48C0-B7A9-F07E3CD1EFDD}.Release|Any CPU.ActiveCfg = Release|Any CPU
		{698C751F-995F-48C0-B7A9-F07E3CD1EFDD}.Release|Any CPU.Build.0 = Release|Any CPU
		{09A85B3D-79FF-4FFB-BF29-421F52940047}.Debug|Any CPU.ActiveCfg = Debug|Any CPU
		{09A85B3D-79FF-4FFB-BF29-421F52940047}.Debug|Any CPU.Build.0 = Debug|Any CPU
		{09A85B3D-79FF-4FFB-BF29-421F52940047}.Release|Any CPU.ActiveCfg = Release|Any CPU
		{09A85B3D-79FF-4FFB-BF29-421F52940047}.Release|Any CPU.Build.0 = Release|Any CPU
		{E5B9661B-9793-4A38-A48B-E18F1C7FAFCC}.Debug|Any CPU.ActiveCfg = Debug|Any CPU
		{E5B9661B-9793-4A38-A48B-E18F1C7FAFCC}.Debug|Any CPU.Build.0 = Debug|Any CPU
		{E5B9661B-9793-4A38-A48B-E18F1C7FAFCC}.Release|Any CPU.ActiveCfg = Release|Any CPU
		{E5B9661B-9793-4A38-A48B-E18F1C7FAFCC}.Release|Any CPU.Build.0 = Release|Any CPU
		{5C80749D-A27D-45E4-BDD9-4C7FFAABE12D}.Debug|Any CPU.ActiveCfg = Debug|Any CPU
		{5C80749D-A27D-45E4-BDD9-4C7FFAABE12D}.Debug|Any CPU.Build.0 = Debug|Any CPU
		{5C80749D-A27D-45E4-BDD9-4C7FFAABE12D}.Release|Any CPU.ActiveCfg = Release|Any CPU
		{5C80749D-A27D-45E4-BDD9-4C7FFAABE12D}.Release|Any CPU.Build.0 = Release|Any CPU
		{0E99EF2F-9E6C-4002-BFAC-B0FFB6824461}.Debug|Any CPU.ActiveCfg = Debug|Any CPU
		{0E99EF2F-9E6C-4002-BFAC-B0FFB6824461}.Debug|Any CPU.Build.0 = Debug|Any CPU
		{0E99EF2F-9E6C-4002-BFAC-B0FFB6824461}.Release|Any CPU.ActiveCfg = Release|Any CPU
		{0E99EF2F-9E6C-4002-BFAC-B0FFB6824461}.Release|Any CPU.Build.0 = Release|Any CPU
		{79870C5A-1937-4312-9564-F3C5B5F89039}.Debug|Any CPU.ActiveCfg = Debug|Any CPU
		{79870C5A-1937-4312-9564-F3C5B5F89039}.Debug|Any CPU.Build.0 = Debug|Any CPU
		{79870C5A-1937-4312-9564-F3C5B5F89039}.Release|Any CPU.ActiveCfg = Release|Any CPU
		{79870C5A-1937-4312-9564-F3C5B5F89039}.Release|Any CPU.Build.0 = Release|Any CPU
	EndGlobalSection
	GlobalSection(SolutionProperties) = preSolution
		HideSolutionNode = FALSE
	EndGlobalSection
	GlobalSection(NestedProjects) = preSolution
		{B529D5B7-7D4E-4520-B8B2-C3FFB9088649} = {6F20318F-511A-4181-9513-A1BC76AFFDFF}
		{8C8A4CEF-4FA2-40E1-8D2F-7EBD503D87DC} = {2D13CA6C-3BEF-45BD-AE68-7299E9A440BA}
		{3904F0FD-6EAC-4595-8C2E-0A8B92F23E53} = {73A1EB11-B255-424A-B69D-EF70F2642F0B}
		{1F5E1770-1C83-49B1-9F81-CD03D16CC3FE} = {DF4957B8-9292-4328-B9A0-0B68EC96E57E}
		{D4251005-D276-418B-9C95-5F614792918A} = {07607922-33C2-4587-90EA-4E90C89C3A47}
		{5DF5552D-BF3C-41E0-ABEE-96C9E195CF59} = {DE9A7647-48D9-4710-B0C4-F82AAC7C4ADE}
		{AAADE5F0-DE2A-42D6-8D0A-C02A49C111F4} = {40F03ABC-73B9-4D6D-9D6A-2EE451138047}
		{5C7A4A2D-C4B1-46DA-B3AC-6192E976BBFE} = {DF4957B8-9292-4328-B9A0-0B68EC96E57E}
		{E85F0421-0FA5-408F-9E9C-EAC97DF2117F} = {DF4957B8-9292-4328-B9A0-0B68EC96E57E}
		{F231241C-4CAA-4965-A0F7-BF7FDE1C7581} = {DF4957B8-9292-4328-B9A0-0B68EC96E57E}
		{B73F5D57-1CFA-466E-82E1-3741570231BA} = {DF4957B8-9292-4328-B9A0-0B68EC96E57E}
		{0205F2A2-4051-4953-B9E5-480E0EFD55F9} = {DF4957B8-9292-4328-B9A0-0B68EC96E57E}
		{DF4957B8-9292-4328-B9A0-0B68EC96E57E} = {4F6B4986-202A-4A51-8FC2-E27935D953F9}
		{07607922-33C2-4587-90EA-4E90C89C3A47} = {4F6B4986-202A-4A51-8FC2-E27935D953F9}
		{DE9A7647-48D9-4710-B0C4-F82AAC7C4ADE} = {4F6B4986-202A-4A51-8FC2-E27935D953F9}
		{40F03ABC-73B9-4D6D-9D6A-2EE451138047} = {0CC27AC0-9362-4F5A-88E9-B573B432743C}
		{F924F654-20AB-412C-949D-D8C339567149} = {0CC27AC0-9362-4F5A-88E9-B573B432743C}
		{F4C01838-761E-4F98-BD82-8AC32BAD371F} = {0CC27AC0-9362-4F5A-88E9-B573B432743C}
		{6F20318F-511A-4181-9513-A1BC76AFFDFF} = {B1C03809-A6A3-4A2D-864F-AE8F41A80087}
		{2D13CA6C-3BEF-45BD-AE68-7299E9A440BA} = {B1C03809-A6A3-4A2D-864F-AE8F41A80087}
		{73A1EB11-B255-424A-B69D-EF70F2642F0B} = {B1C03809-A6A3-4A2D-864F-AE8F41A80087}
		{12CAE986-CB19-4F55-BDD6-6B9EA63DCB21} = {0CC27AC0-9362-4F5A-88E9-B573B432743C}
		{0E25AB4C-0BC3-4D32-95B6-C21B56268A60} = {40F03ABC-73B9-4D6D-9D6A-2EE451138047}
		{C4D4439B-6D86-447D-BEB3-6D0D5ABA71FD} = {40F03ABC-73B9-4D6D-9D6A-2EE451138047}
		{5BAE9005-5B43-46E6-B27D-9DDA781A9FE2} = {0CC27AC0-9362-4F5A-88E9-B573B432743C}
		{7E902F0D-2407-4768-B12B-569F8664F5E4} = {4F6B4986-202A-4A51-8FC2-E27935D953F9}
		{4DFBFF09-3B58-4D31-A310-447B1BF99984} = {07607922-33C2-4587-90EA-4E90C89C3A47}
		{4D6B5398-8C90-4D6A-A356-E8D6D27A2280} = {07607922-33C2-4587-90EA-4E90C89C3A47}
		{8DAF583C-43BC-4534-8BE4-B0EC44D3163D} = {07607922-33C2-4587-90EA-4E90C89C3A47}
		{553EDE0E-9996-4B43-83DD-D2D06C593970} = {07607922-33C2-4587-90EA-4E90C89C3A47}
		{60EFD10C-F44D-463A-A7A7-EDB5F93D4714} = {07607922-33C2-4587-90EA-4E90C89C3A47}
		{586F3E56-8A3D-4B80-B0AD-FCDFC14DDCF5} = {DE9A7647-48D9-4710-B0C4-F82AAC7C4ADE}
		{4F4454EC-5BDC-41BA-ABEF-D81CB5D79294} = {DE9A7647-48D9-4710-B0C4-F82AAC7C4ADE}
		{AF3874B9-8387-4262-B3A0-242D05D68C11} = {DE9A7647-48D9-4710-B0C4-F82AAC7C4ADE}
		{60CF3500-B378-458B-B1C4-4FB564C24812} = {DE9A7647-48D9-4710-B0C4-F82AAC7C4ADE}
		{55EFD339-154B-4784-AE54-21F0B5F29201} = {DE9A7647-48D9-4710-B0C4-F82AAC7C4ADE}
		{4C7E612D-1107-442E-B415-2D777ED60C4A} = {40F03ABC-73B9-4D6D-9D6A-2EE451138047}
		{38801EE0-9D98-4B69-B475-14656BA73865} = {40F03ABC-73B9-4D6D-9D6A-2EE451138047}
		{85BFF6D8-BC9B-4C6E-97E6-0AED95670E3D} = {40F03ABC-73B9-4D6D-9D6A-2EE451138047}
		{B1A4BB7E-201B-42C8-A5FC-FDF03AB5D7E2} = {F4C01838-761E-4F98-BD82-8AC32BAD371F}
		{925B3DE8-6FE6-491E-BCB7-4698A9099BAB} = {F4C01838-761E-4F98-BD82-8AC32BAD371F}
		{5FACBACB-7FCB-4D52-8804-74CB2272232B} = {F4C01838-761E-4F98-BD82-8AC32BAD371F}
		{C89137B0-0E7A-4D73-8119-77C33E126CCE} = {F4C01838-761E-4F98-BD82-8AC32BAD371F}
		{CEDFACB6-81C6-4A7F-90F0-317ED56E39A4} = {F4C01838-761E-4F98-BD82-8AC32BAD371F}
		{08F31EE6-44B6-4808-AC71-52ED09F35C65} = {F4C01838-761E-4F98-BD82-8AC32BAD371F}
		{6EA63DE8-E758-457E-B2BD-A9C0D8C8CC51} = {F924F654-20AB-412C-949D-D8C339567149}
		{290E0014-54A1-4B40-9B36-00FB98AFD9C1} = {F924F654-20AB-412C-949D-D8C339567149}
		{698C751F-995F-48C0-B7A9-F07E3CD1EFDD} = {F924F654-20AB-412C-949D-D8C339567149}
		{09A85B3D-79FF-4FFB-BF29-421F52940047} = {F924F654-20AB-412C-949D-D8C339567149}
		{E5B9661B-9793-4A38-A48B-E18F1C7FAFCC} = {F924F654-20AB-412C-949D-D8C339567149}
		{5C80749D-A27D-45E4-BDD9-4C7FFAABE12D} = {F924F654-20AB-412C-949D-D8C339567149}
		{911F3D93-6AFC-472E-BFCE-5D18546B286F} = {ED0C388D-32E5-4F09-80A2-822DBA1053CD}
		{EF1A35CC-CD50-4452-A936-8612C2B49D98} = {ED0C388D-32E5-4F09-80A2-822DBA1053CD}
		{0E99EF2F-9E6C-4002-BFAC-B0FFB6824461} = {EF1A35CC-CD50-4452-A936-8612C2B49D98}
		{79870C5A-1937-4312-9564-F3C5B5F89039} = {911F3D93-6AFC-472E-BFCE-5D18546B286F}
	EndGlobalSection
	GlobalSection(ExtensibilityGlobals) = postSolution
		SolutionGuid = {49A7EE65-0326-4F35-9481-85A92C7CCA64}
	EndGlobalSection
EndGlobal
